
Microsoft Visual Studio Solution File, Format Version 12.00
# Visual Studio Version 16
VisualStudioVersion = 16.0.29709.97
MinimumVisualStudioVersion = 10.0.40219.1
Project("{FAE04EC0-301F-11D3-BF4B-00C04F79EFBC}") = "AzureSearchDotNet", "AzureSearchDotNet\AzureSearchDotNet.csproj", "{589D39F6-97D9-4394-AA5A-51A1C11EA1EF}"
EndProject
Global
	GlobalSection(SolutionConfigurationPlatforms) = preSolution
		Debug|Any CPU = Debug|Any CPU
		Release|Any CPU = Release|Any CPU
	EndGlobalSection
	GlobalSection(ProjectConfigurationPlatforms) = postSolution
		{589D39F6-97D9-4394-AA5A-51A1C11EA1EF}.Debug|Any CPU.ActiveCfg = Debug|Any CPU
		{589D39F6-97D9-4394-AA5A-51A1C11EA1EF}.Debug|Any CPU.Build.0 = Debug|Any CPU
		{589D39F6-97D9-4394-AA5A-51A1C11EA1EF}.Release|Any CPU.ActiveCfg = Release|Any CPU
		{589D39F6-97D9-4394-AA5A-51A1C11EA1EF}.Release|Any CPU.Build.0 = Release|Any CPU
	EndGlobalSection
	GlobalSection(SolutionProperties) = preSolution
		HideSolutionNode = FALSE
	EndGlobalSection
	GlobalSection(ExtensibilityGlobals) = postSolution
		SolutionGuid = {C8DCAD44-4627-4CA1-9D07-120BB84F369B}
	EndGlobalSection
EndGlobal
